
Microsoft Visual Studio Solution File, Format Version 12.00
# Visual Studio Version 17
VisualStudioVersion = 17.0.32014.148
MinimumVisualStudioVersion = 10.0.40219.1
Project("{9A19103F-16F7-4668-BE54-9A1E7A4F7556}") = "BlazorfullStack.Server", "Server\BlazorfullStack.Server.csproj", "{6A1E4770-9FE0-4A87-B1D3-D1AFF1FD33D9}"
EndProject
Project("{9A19103F-16F7-4668-BE54-9A1E7A4F7556}") = "BlazorfullStack.Client", "Client\BlazorfullStack.Client.csproj", "{D6CB4D0D-3D0F-44EE-816C-CA84AB9A9D0C}"
EndProject
Project("{9A19103F-16F7-4668-BE54-9A1E7A4F7556}") = "BlazorfullStack.Shared", "Shared\BlazorfullStack.Shared.csproj", "{C4123D17-1C44-480E-B3D0-9E33EEAE82E4}"
EndProject
Global
	GlobalSection(SolutionConfigurationPlatforms) = preSolution
		Debug|Any CPU = Debug|Any CPU
		Release|Any CPU = Release|Any CPU
	EndGlobalSection
	GlobalSection(ProjectConfigurationPlatforms) = postSolution
		{6A1E4770-9FE0-4A87-B1D3-D1AFF1FD33D9}.Debug|Any CPU.ActiveCfg = Debug|Any CPU
		{6A1E4770-9FE0-4A87-B1D3-D1AFF1FD33D9}.Debug|Any CPU.Build.0 = Debug|Any CPU
		{6A1E4770-9FE0-4A87-B1D3-D1AFF1FD33D9}.Release|Any CPU.ActiveCfg = Release|Any CPU
		{6A1E4770-9FE0-4A87-B1D3-D1AFF1FD33D9}.Release|Any CPU.Build.0 = Release|Any CPU
		{D6CB4D0D-3D0F-44EE-816C-CA84AB9A9D0C}.Debug|Any CPU.ActiveCfg = Debug|Any CPU
		{D6CB4D0D-3D0F-44EE-816C-CA84AB9A9D0C}.Debug|Any CPU.Build.0 = Debug|Any CPU
		{D6CB4D0D-3D0F-44EE-816C-CA84AB9A9D0C}.Release|Any CPU.ActiveCfg = Release|Any CPU
		{D6CB4D0D-3D0F-44EE-816C-CA84AB9A9D0C}.Release|Any CPU.Build.0 = Release|Any CPU
		{C4123D17-1C44-480E-B3D0-9E33EEAE82E4}.Debug|Any CPU.ActiveCfg = Debug|Any CPU
		{C4123D17-1C44-480E-B3D0-9E33EEAE82E4}.Debug|Any CPU.Build.0 = Debug|Any CPU
		{C4123D17-1C44-480E-B3D0-9E33EEAE82E4}.Release|Any CPU.ActiveCfg = Release|Any CPU
		{C4123D17-1C44-480E-B3D0-9E33EEAE82E4}.Release|Any CPU.Build.0 = Release|Any CPU
	EndGlobalSection
	GlobalSection(SolutionProperties) = preSolution
		HideSolutionNode = FALSE
	EndGlobalSection
	GlobalSection(ExtensibilityGlobals) = postSolution
		SolutionGuid = {CD79ED1B-85D6-41C5-AE4B-2B42EDAA7721}
	EndGlobalSection
EndGlobal
